
Microsoft Visual Studio Solution File, Format Version 12.00
# Visual Studio Version 16
VisualStudioVersion = 16.0.31112.23
MinimumVisualStudioVersion = 10.0.40219.1
Project("{FAE04EC0-301F-11D3-BF4B-00C04F79EFBC}") = "AppHeroku", "AppHeroku\AppHeroku.csproj", "{065D91B3-0A46-4168-B11A-0486CD1FFE2C}"
EndProject
Global
	GlobalSection(SolutionConfigurationPlatforms) = preSolution
		Debug|Any CPU = Debug|Any CPU
		Release|Any CPU = Release|Any CPU
	EndGlobalSection
	GlobalSection(ProjectConfigurationPlatforms) = postSolution
		{065D91B3-0A46-4168-B11A-0486CD1FFE2C}.Debug|Any CPU.ActiveCfg = Debug|Any CPU
		{065D91B3-0A46-4168-B11A-0486CD1FFE2C}.Debug|Any CPU.Build.0 = Debug|Any CPU
		{065D91B3-0A46-4168-B11A-0486CD1FFE2C}.Release|Any CPU.ActiveCfg = Release|Any CPU
		{065D91B3-0A46-4168-B11A-0486CD1FFE2C}.Release|Any CPU.Build.0 = Release|Any CPU
	EndGlobalSection
	GlobalSection(SolutionProperties) = preSolution
		HideSolutionNode = FALSE
	EndGlobalSection
	GlobalSection(ExtensibilityGlobals) = postSolution
		SolutionGuid = {CE2A1D8D-00D0-409C-BF0D-3DD7400F66BB}
	EndGlobalSection
EndGlobal
